github.com/rs/zerolog v0.0.0-20180928011143-8e36cbf881d3 h1:aUpd+wvlP6ZkvMSQElHeMMQ6JkkkjgglOhkN0TDRRRs=
github.com/rs/zerolog v0.0.0-20180928011143-8e36cbf881d3/go.mod h1:YbFCdg8HfsridGWAh22vktObvhZbQsZXe4/zB0OKkWU=
github.com/urfave/cli v0.0.0-20180821064027-934abfb2f102 h1:Er7kUEUX12vAWCp23Uv6Nrza7kEzEm/Z77amjMT7/Lo=
github.com/urfave/cli v0.0.0-20180821064027-934abfb2f102/go.mod h1:70zkFmudgCuE/ngEzBv17Jvp/497gISqfk5gWijbERA=
